
Microsoft Visual Studio Solution File, Format Version 12.00
# Visual Studio 15
VisualStudioVersion = 15.0.27428.2037
MinimumVisualStudioVersion = 10.0.40219.1
Project("{FAE04EC0-301F-11D3-BF4B-00C04F79EFBC}") = "Geography", "Geography\Geography.csproj", "{A810F8B1-ED4B-44F1-B4C2-DCAFE7888F42}"
EndProject
Global
	GlobalSection(SolutionConfigurationPlatforms) = preSolution
		Debug|Any CPU = Debug|Any CPU
		Release|Any CPU = Release|Any CPU
	EndGlobalSection
	GlobalSection(ProjectConfigurationPlatforms) = postSolution
		{A810F8B1-ED4B-44F1-B4C2-DCAFE7888F42}.Debug|Any CPU.ActiveCfg = Debug|Any CPU
		{A810F8B1-ED4B-44F1-B4C2-DCAFE7888F42}.Debug|Any CPU.Build.0 = Debug|Any CPU
		{A810F8B1-ED4B-44F1-B4C2-DCAFE7888F42}.Release|Any CPU.ActiveCfg = Release|Any CPU
		{A810F8B1-ED4B-44F1-B4C2-DCAFE7888F42}.Release|Any CPU.Build.0 = Release|Any CPU
	EndGlobalSection
	GlobalSection(SolutionProperties) = preSolution
		HideSolutionNode = FALSE
	EndGlobalSection
	GlobalSection(ExtensibilityGlobals) = postSolution
		SolutionGuid = {CF5E6937-0EE2-4F2D-911A-49DC4A80D544}
	EndGlobalSection
EndGlobal
